
Microsoft Visual Studio Solution File, Format Version 12.00
# Visual Studio Version 17
VisualStudioVersion = 17.3.32825.248
MinimumVisualStudioVersion = 10.0.40219.1
Project("{9A19103F-16F7-4668-BE54-9A1E7A4F7556}") = "LRLogistik.LRPackage.Services.Interfaces", "LRLogistik.LRPackage.Services.Interfaces\LRLogistik.LRPackage.Services.Interfaces.csproj", "{09D140A2-6B5F-429B-BB3A-357447CBDA1D}"
EndProject
Project("{9A19103F-16F7-4668-BE54-9A1E7A4F7556}") = "LRLogistik.LRPackage.Services.DTOs", "src\LRLogistik.LRPackage.DTOs\LRLogistik.LRPackage.Services.DTOs.csproj", "{EC970E5D-F774-40B0-A218-5A11FB9465CB}"
EndProject
Project("{9A19103F-16F7-4668-BE54-9A1E7A4F7556}") = "LRLogistik.LRPackage.Services", "src\LRLogistik.LRPackage.Services\LRLogistik.LRPackage.Services.csproj", "{0BE16AE1-9748-41BA-9748-733D97277753}"
EndProject
Project("{9A19103F-16F7-4668-BE54-9A1E7A4F7556}") = "LRLogistik.LRPackage.BusinessLogic", "LRLogistik.LRPackage.BusinessLogic\LRLogistik.LRPackage.BusinessLogic.csproj", "{EDC33882-8828-48DD-AB6D-32EE32F970BD}"
EndProject
Project("{9A19103F-16F7-4668-BE54-9A1E7A4F7556}") = "LRLogistik.LRPackage.BusinessLogic.Entities", "LRLogistik.LRPackage.BusinessLogic.Entities\LRLogistik.LRPackage.BusinessLogic.Entities.csproj", "{ED9EC42B-2E96-4FF7-AD3E-4D8182BFF9B4}"
EndProject
Project("{9A19103F-16F7-4668-BE54-9A1E7A4F7556}") = "LRLogistik.LRPackage.BusinessLogic.Interfaces", "LRLogistik.LRPackage.BusinessLogic.Interfaces\LRLogistik.LRPackage.BusinessLogic.Interfaces.csproj", "{89D6C402-E0E6-446D-89CB-3D7CB72DA30B}"
EndProject
Project("{9A19103F-16F7-4668-BE54-9A1E7A4F7556}") = "LRLogistik.LRPackage.Services.Tests", "LRLogistik.LRPackage.Services.Tests\LRLogistik.LRPackage.Services.Tests.csproj", "{EFC4A663-50F4-48B7-9797-743EC2A35729}"
EndProject
Project("{FAE04EC0-301F-11D3-BF4B-00C04F79EFBC}") = "LRLogistik.LRPackage.BusinessLogic.Tests", "LRLogistik.LRPackage.BusinessLogic.Tests\LRLogistik.LRPackage.BusinessLogic.Tests.csproj", "{4B45308E-82D7-419D-8BC5-3D6F3B21432A}"
EndProject
Global
	GlobalSection(SolutionConfigurationPlatforms) = preSolution
		Debug|Any CPU = Debug|Any CPU
		Release|Any CPU = Release|Any CPU
	EndGlobalSection
	GlobalSection(ProjectConfigurationPlatforms) = postSolution
		{09D140A2-6B5F-429B-BB3A-357447CBDA1D}.Debug|Any CPU.ActiveCfg = Debug|Any CPU
		{09D140A2-6B5F-429B-BB3A-357447CBDA1D}.Debug|Any CPU.Build.0 = Debug|Any CPU
		{09D140A2-6B5F-429B-BB3A-357447CBDA1D}.Release|Any CPU.ActiveCfg = Release|Any CPU
		{09D140A2-6B5F-429B-BB3A-357447CBDA1D}.Release|Any CPU.Build.0 = Release|Any CPU
		{EC970E5D-F774-40B0-A218-5A11FB9465CB}.Debug|Any CPU.ActiveCfg = Debug|Any CPU
		{EC970E5D-F774-40B0-A218-5A11FB9465CB}.Debug|Any CPU.Build.0 = Debug|Any CPU
		{EC970E5D-F774-40B0-A218-5A11FB9465CB}.Release|Any CPU.ActiveCfg = Release|Any CPU
		{EC970E5D-F774-40B0-A218-5A11FB9465CB}.Release|Any CPU.Build.0 = Release|Any CPU
		{0BE16AE1-9748-41BA-9748-733D97277753}.Debug|Any CPU.ActiveCfg = Debug|Any CPU
		{0BE16AE1-9748-41BA-9748-733D97277753}.Debug|Any CPU.Build.0 = Debug|Any CPU
		{0BE16AE1-9748-41BA-9748-733D97277753}.Release|Any CPU.ActiveCfg = Release|Any CPU
		{0BE16AE1-9748-41BA-9748-733D97277753}.Release|Any CPU.Build.0 = Release|Any CPU
		{EDC33882-8828-48DD-AB6D-32EE32F970BD}.Debug|Any CPU.ActiveCfg = Debug|Any CPU
		{EDC33882-8828-48DD-AB6D-32EE32F970BD}.Debug|Any CPU.Build.0 = Debug|Any CPU
		{EDC33882-8828-48DD-AB6D-32EE32F970BD}.Release|Any CPU.ActiveCfg = Release|Any CPU
		{EDC33882-8828-48DD-AB6D-32EE32F970BD}.Release|Any CPU.Build.0 = Release|Any CPU
		{ED9EC42B-2E96-4FF7-AD3E-4D8182BFF9B4}.Debug|Any CPU.ActiveCfg = Debug|Any CPU
		{ED9EC42B-2E96-4FF7-AD3E-4D8182BFF9B4}.Debug|Any CPU.Build.0 = Debug|Any CPU
		{ED9EC42B-2E96-4FF7-AD3E-4D8182BFF9B4}.Release|Any CPU.ActiveCfg = Release|Any CPU
		{ED9EC42B-2E96-4FF7-AD3E-4D8182BFF9B4}.Release|Any CPU.Build.0 = Release|Any CPU
		{89D6C402-E0E6-446D-89CB-3D7CB72DA30B}.Debug|Any CPU.ActiveCfg = Debug|Any CPU
		{89D6C402-E0E6-446D-89CB-3D7CB72DA30B}.Debug|Any CPU.Build.0 = Debug|Any CPU
		{89D6C402-E0E6-446D-89CB-3D7CB72DA30B}.Release|Any CPU.ActiveCfg = Release|Any CPU
		{89D6C402-E0E6-446D-89CB-3D7CB72DA30B}.Release|Any CPU.Build.0 = Release|Any CPU
		{EFC4A663-50F4-48B7-9797-743EC2A35729}.Debug|Any CPU.ActiveCfg = Debug|Any CPU
		{EFC4A663-50F4-48B7-9797-743EC2A35729}.Debug|Any CPU.Build.0 = Debug|Any CPU
		{EFC4A663-50F4-48B7-9797-743EC2A35729}.Release|Any CPU.ActiveCfg = Release|Any CPU
		{EFC4A663-50F4-48B7-9797-743EC2A35729}.Release|Any CPU.Build.0 = Release|Any CPU
		{4B45308E-82D7-419D-8BC5-3D6F3B21432A}.Debug|Any CPU.ActiveCfg = Debug|Any CPU
		{4B45308E-82D7-419D-8BC5-3D6F3B21432A}.Debug|Any CPU.Build.0 = Debug|Any CPU
		{4B45308E-82D7-419D-8BC5-3D6F3B21432A}.Release|Any CPU.ActiveCfg = Release|Any CPU
		{4B45308E-82D7-419D-8BC5-3D6F3B21432A}.Release|Any CPU.Build.0 = Release|Any CPU
	EndGlobalSection
	GlobalSection(SolutionProperties) = preSolution
		HideSolutionNode = FALSE
	EndGlobalSection
	GlobalSection(ExtensibilityGlobals) = postSolution
		SolutionGuid = {1C35CCCD-6043-4189-BB5D-A563A370162B}
	EndGlobalSection
EndGlobal
